
Microsoft Visual Studio Solution File, Format Version 12.00
# Visual Studio Version 17
VisualStudioVersion = 17.0.31912.275
MinimumVisualStudioVersion = 10.0.40219.1
Project("{9A19103F-16F7-4668-BE54-9A1E7A4F7556}") = "Playground", "Playground.csproj", "{EDF6CABE-1352-4881-8573-0147D11FEF51}"
EndProject
Project("{9A19103F-16F7-4668-BE54-9A1E7A4F7556}") = "TextTools", "..\TextTools\TextTools.csproj", "{4E7025CA-FBE1-4F49-ACC4-9B1E3598CA99}"
EndProject
Project("{FAE04EC0-301F-11D3-BF4B-00C04F79EFBC}") = "WPFTextToolsGUI", "..\WPFTextToolsGUI\WPFTextToolsGUI.csproj", "{B74E373E-40FD-48DE-91A3-8612E0CE7518}"
EndProject
Global
	GlobalSection(SolutionConfigurationPlatforms) = preSolution
		Debug|Any CPU = Debug|Any CPU
		Release|Any CPU = Release|Any CPU
	EndGlobalSection
	GlobalSection(ProjectConfigurationPlatforms) = postSolution
		{EDF6CABE-1352-4881-8573-0147D11FEF51}.Debug|Any CPU.ActiveCfg = Debug|Any CPU
		{EDF6CABE-1352-4881-8573-0147D11FEF51}.Debug|Any CPU.Build.0 = Debug|Any CPU
		{EDF6CABE-1352-4881-8573-0147D11FEF51}.Release|Any CPU.ActiveCfg = Release|Any CPU
		{EDF6CABE-1352-4881-8573-0147D11FEF51}.Release|Any CPU.Build.0 = Release|Any CPU
		{4E7025CA-FBE1-4F49-ACC4-9B1E3598CA99}.Debug|Any CPU.ActiveCfg = Debug|Any CPU
		{4E7025CA-FBE1-4F49-ACC4-9B1E3598CA99}.Debug|Any CPU.Build.0 = Debug|Any CPU
		{4E7025CA-FBE1-4F49-ACC4-9B1E3598CA99}.Release|Any CPU.ActiveCfg = Release|Any CPU
		{4E7025CA-FBE1-4F49-ACC4-9B1E3598CA99}.Release|Any CPU.Build.0 = Release|Any CPU
		{B74E373E-40FD-48DE-91A3-8612E0CE7518}.Debug|Any CPU.ActiveCfg = Debug|Any CPU
		{B74E373E-40FD-48DE-91A3-8612E0CE7518}.Debug|Any CPU.Build.0 = Debug|Any CPU
		{B74E373E-40FD-48DE-91A3-8612E0CE7518}.Release|Any CPU.ActiveCfg = Release|Any CPU
		{B74E373E-40FD-48DE-91A3-8612E0CE7518}.Release|Any CPU.Build.0 = Release|Any CPU
	EndGlobalSection
	GlobalSection(SolutionProperties) = preSolution
		HideSolutionNode = FALSE
	EndGlobalSection
	GlobalSection(ExtensibilityGlobals) = postSolution
		SolutionGuid = {8A720746-A24C-4046-BB95-58FF7B2CDA11}
	EndGlobalSection
EndGlobal
